// !$*UTF8*$!
{
	archiveVersion = 1;
	classes = {
	};
	objectVersion = 50;
	objects = {

/* Begin PBXBuildFile section */
		E32908F424350E1200C7508A /* AppDelegate.swift in Sources */ = {isa = PBXBuildFile; fileRef = E32908F324350E1200C7508A /* AppDelegate.swift */; };
		E32908F624350E1200C7508A /* SceneDelegate.swift in Sources */ = {isa = PBXBuildFile; fileRef = E32908F524350E1200C7508A /* SceneDelegate.swift */; };
		E32908F824350E1200C7508A /* ContentView.swift in Sources */ = {isa = PBXBuildFile; fileRef = E32908F724350E1200C7508A /* ContentView.swift */; };
		E32908FA24350E1400C7508A /* Assets.xcassets in Resources */ = {isa = PBXBuildFile; fileRef = E32908F924350E1400C7508A /* Assets.xcassets */; };
		E32908FD24350E1400C7508A /* Preview Assets.xcassets in Resources */ = {isa = PBXBuildFile; fileRef = E32908FC24350E1400C7508A /* Preview Assets.xcassets */; };
		E329090024350E1400C7508A /* LaunchScreen.storyboard in Resources */ = {isa = PBXBuildFile; fileRef = E32908FE24350E1400C7508A /* LaunchScreen.storyboard */; };
		E329090A2435290F00C7508A /* Post.swift in Sources */ = {isa = PBXBuildFile; fileRef = E32909092435290F00C7508A /* Post.swift */; };
		E329090D2435296300C7508A /* Webservice.swift in Sources */ = {isa = PBXBuildFile; fileRef = E329090C2435296300C7508A /* Webservice.swift */; };
		E329090F24352F5700C7508A /* PostListViewModel.swift in Sources */ = {isa = PBXBuildFile; fileRef = E329090E24352F5700C7508A /* PostListViewModel.swift */; };
/* End PBXBuildFile section */

/* Begin PBXFileReference section */
		E32908F024350E1200C7508A /* APISwiftUI.app */ = {isa = PBXFileReference; explicitFileType = wrapper.application; includeInIndex = 0; path = APISwiftUI.app; sourceTree = BUILT_PRODUCTS_DIR; };
		E32908F324350E1200C7508A /* AppDelegate.swift */ = {isa = PBXFileReference; lastKnownFileType = sourcecode.swift; path = AppDelegate.swift; sourceTree = "<group>"; };
		E32908F524350E1200C7508A /* SceneDelegate.swift */ = {isa = PBXFileReference; lastKnownFileType = sourcecode.swift; path = SceneDelegate.swift; sourceTree = "<group>"; };
		E32908F724350E1200C7508A /* ContentView.swift */ = {isa = PBXFileReference; lastKnownFileType = sourcecode.swift; path = ContentView.swift; sourceTree = "<group>"; };
		E32908F924350E1400C7508A /* Assets.xcassets */ = {isa = PBXFileReference; lastKnownFileType = folder.assetcatalog; path = Assets.xcassets; sourceTree = "<group>"; };
		E32908FC24350E1400C7508A /* Preview Assets.xcassets */ = {isa = PBXFileReference; lastKnownFileType = folder.assetcatalog; path = "Preview Assets.xcassets"; sourceTree = "<group>"; };
		E32908FF24350E1400C7508A /* Base */ = {isa = PBXFileReference; lastKnownFileType = file.storyboard; name = Base; path = Base.lproj/LaunchScreen.storyboard; sourceTree = "<group>"; };
		E329090124350E1400C7508A /* Info.plist */ = {isa = PBXFileReference; lastKnownFileType = text.plist.xml; path = Info.plist; sourceTree = "<group>"; };
		E32909092435290F00C7508A /* Post.swift */ = {isa = PBXFileReference; lastKnownFileType = sourcecode.swift; path = Post.swift; sourceTree = "<group>"; };
		E329090C2435296300C7508A /* Webservice.swift */ = {isa = PBXFileReference; lastKnownFileType = sourcecode.swift; path = Webservice.swift; sourceTree = "<group>"; };
		E329090E24352F5700C7508A /* PostListViewModel.swift */ = {isa = PBXFileReference; lastKnownFileType = sourcecode.swift; path = PostListViewModel.swift; sourceTree = "<group>"; };
/* End PBXFileReference section */

/* Begin PBXFrameworksBuildPhase section */
		E32908ED24350E1200C7508A /* Frameworks */ = {
			isa = PBXFrameworksBuildPhase;
			buildActionMask = 2147483647;
			files = (
			);
			runOnlyForDeploymentPostprocessing = 0;
		};
/* End PBXFrameworksBuildPhase section */

/* Begin PBXGroup section */
		E32908E724350E1200C7508A = {
			isa = PBXGroup;
			children = (
				E32908F224350E1200C7508A /* APISwiftUI */,
				E32908F124350E1200C7508A /* Products */,
			);
			sourceTree = "<group>";
		};
		E32908F124350E1200C7508A /* Products */ = {
			isa = PBXGroup;
			children = (
				E32908F024350E1200C7508A /* APISwiftUI.app */,
			);
			name = Products;
			sourceTree = "<group>";
		};
		E32908F224350E1200C7508A /* APISwiftUI */ = {
			isa = PBXGroup;
			children = (
				E329090B2435294F00C7508A /* Services */,
				E3290908243528DC00C7508A /* ViewModel */,
				E3290907243528CF00C7508A /* Model */,
				E32908F324350E1200C7508A /* AppDelegate.swift */,
				E32908F524350E1200C7508A /* SceneDelegate.swift */,
				E32908F724350E1200C7508A /* ContentView.swift */,
				E32908F924350E1400C7508A /* Assets.xcassets */,
				E32908FE24350E1400C7508A /* LaunchScreen.storyboard */,
				E329090124350E1400C7508A /* Info.plist */,
				E32908FB24350E1400C7508A /* Preview Content */,
			);
			path = APISwiftUI;
			sourceTree = "<group>";
		};
		E32908FB24350E1400C7508A /* Preview Content */ = {
			isa = PBXGroup;
			children = (
				E32908FC24350E1400C7508A /* Preview Assets.xcassets */,
			);
			path = "Preview Content";
			sourceTree = "<group>";
		};
		E3290907243528CF00C7508A /* Model */ = {
			isa = PBXGroup;
			children = (
				E32909092435290F00C7508A /* Post.swift */,
			);
			path = Model;
			sourceTree = "<group>";
		};
		E3290908243528DC00C7508A /* ViewModel */ = {
			isa = PBXGroup;
			children = (
				E329090E24352F5700C7508A /* PostListViewModel.swift */,
			);
			path = ViewModel;
			sourceTree = "<group>";
		};
		E329090B2435294F00C7508A /* Services */ = {
			isa = PBXGroup;
			children = (
				E329090C2435296300C7508A /* Webservice.swift */,
			);
			path = Services;
			sourceTree = "<group>";
		};
/* End PBXGroup section */

/* Begin PBXNativeTarget section */
		E32908EF24350E1200C7508A /* APISwiftUI */ = {
			isa = PBXNativeTarget;
			buildConfigurationList = E329090424350E1400C7508A /* Build configuration list for PBXNativeTarget "APISwiftUI" */;
			buildPhases = (
				E32908EC24350E1200C7508A /* Sources */,
				E32908ED24350E1200C7508A /* Frameworks */,
				E32908EE24350E1200C7508A /* Resources */,
			);
			buildRules = (
			);
			dependencies = (
			);
			name = APISwiftUI;
			productName = APISwiftUI;
			productReference = E32908F024350E1200C7508A /* APISwiftUI.app */;
			productType = "com.apple.product-type.application";
		};
/* End PBXNativeTarget section */

/* Begin PBXProject section */
		E32908E824350E1200C7508A /* Project object */ = {
			isa = PBXProject;
			attributes = {
				LastSwiftUpdateCheck = 1130;
				LastUpgradeCheck = 1130;
				ORGANIZATIONNAME = "Amaury A V A Souza";
				TargetAttributes = {
					E32908EF24350E1200C7508A = {
						CreatedOnToolsVersion = 11.3.1;
					};
				};
			};
			buildConfigurationList = E32908EB24350E1200C7508A /* Build configuration list for PBXProject "APISwiftUI" */;
			compatibilityVersion = "Xcode 9.3";
			developmentRegion = en;
			hasScannedForEncodings = 0;
			knownRegions = (
				en,
				Base,
			);
			mainGroup = E32908E724350E1200C7508A;
			productRefGroup = E32908F124350E1200C7508A /* Products */;
			projectDirPath = "";
			projectRoot = "";
			targets = (
				E32908EF24350E1200C7508A /* APISwiftUI */,
			);
		};
/* End PBXProject section */

/* Begin PBXResourcesBuildPhase section */
		E32908EE24350E1200C7508A /* Resources */ = {
			isa = PBXResourcesBuildPhase;
			buildActionMask = 2147483647;
			files = (
				E329090024350E1400C7508A /* LaunchScreen.storyboard in Resources */,
				E32908FD24350E1400C7508A /* Preview Assets.xcassets in Resources */,
				E32908FA24350E1400C7508A /* Assets.xcassets in Resources */,
			);
			runOnlyForDeploymentPostprocessing = 0;
		};
/* End PBXResourcesBuildPhase section */

/* Begin PBXSourcesBuildPhase section */
		E32908EC24350E1200C7508A /* Sources */ = {
			isa = PBXSourcesBuildPhase;
			buildActionMask = 2147483647;
			files = (
				E32908F424350E1200C7508A /* AppDelegate.swift in Sources */,
				E32908F624350E1200C7508A /* SceneDelegate.swift in Sources */,
				E329090F24352F5700C7508A /* PostListViewModel.swift in Sources */,
				E32908F824350E1200C7508A /* ContentView.swift in Sources */,
				E329090D2435296300C7508A /* Webservice.swift in Sources */,
				E329090A2435290F00C7508A /* Post.swift in Sources */,
			);
			runOnlyForDeploymentPostprocessing = 0;
		};
/* End PBXSourcesBuildPhase section */

/* Begin PBXVariantGroup section */
		E32908FE24350E1400C7508A /* LaunchScreen.storyboard */ = {
			isa = PBXVariantGroup;
			children = (
				E32908FF24350E1400C7508A /* Base */,
			);
			name = LaunchScreen.storyboard;
			sourceTree = "<group>";
		};
/* End PBXVariantGroup section */

/* Begin XCBuildConfiguration section */
		E329090224350E1400C7508A /* Debug */ = {
			isa = XCBuildConfiguration;
			buildSettings = {
				ALWAYS_SEARCH_USER_PATHS = NO;
				CLANG_ANALYZER_NONNULL = YES;
				CLANG_ANALYZER_NUMBER_OBJECT_CONVERSION = YES_AGGRESSIVE;
				CLANG_CXX_LANGUAGE_STANDARD = "gnu++14";
				CLANG_CXX_LIBRARY = "libc++";
				CLANG_ENABLE_MODULES = YES;
				CLANG_ENABLE_OBJC_ARC = YES;
				CLANG_ENABLE_OBJC_WEAK = YES;
				CLANG_WARN_BLOCK_CAPTURE_AUTORELEASING = YES;
				CLANG_WARN_BOOL_CONVERSION = YES;
				CLANG_WARN_COMMA = YES;
				CLANG_WARN_CONSTANT_CONVERSION = YES;
				CLANG_WARN_DEPRECATED_OBJC_IMPLEMENTATIONS = YES;
				CLANG_WARN_DIRECT_OBJC_ISA_USAGE = YES_ERROR;
				CLANG_WARN_DOCUMENTATION_COMMENTS = YES;
				CLANG_WARN_EMPTY_BODY = YES;
				CLANG_WARN_ENUM_CONVERSION = YES;
				CLANG_WARN_INFINITE_RECURSION = YES;
				CLANG_WARN_INT_CONVERSION = YES;
				CLANG_WARN_NON_LITERAL_NULL_CONVERSION = YES;
				CLANG_WARN_OBJC_IMPLICIT_RETAIN_SELF = YES;
				CLANG_WARN_OBJC_LITERAL_CONVERSION = YES;
				CLANG_WARN_OBJC_ROOT_CLASS = YES_ERROR;
				CLANG_WARN_RANGE_LOOP_ANALYSIS = YES;
				CLANG_WARN_STRICT_PROTOTYPES = YES;
				CLANG_WARN_SUSPICIOUS_MOVE = YES;
				CLANG_WARN_UNGUARDED_AVAILABILITY = YES_AGGRESSIVE;
				CLANG_WARN_UNREACHABLE_CODE = YES;
				CLANG_WARN__DUPLICATE_METHOD_MATCH = YES;
				COPY_PHASE_STRIP = NO;
				DEBUG_INFORMATION_FORMAT = dwarf;
				ENABLE_STRICT_OBJC_MSGSEND = YES;
				ENABLE_TESTABILITY = YES;
				GCC_C_LANGUAGE_STANDARD = gnu11;
				GCC_DYNAMIC_NO_PIC = NO;
				GCC_NO_COMMON_BLOCKS = YES;
				GCC_OPTIMIZATION_LEVEL = 0;
				GCC_PREPROCESSOR_DEFINITIONS = (
					"DEBUG=1",
					"$(inherited)",
				);
				GCC_WARN_64_TO_32_BIT_CONVERSION = YES;
				GCC_WARN_ABOUT_RETURN_TYPE = YES_ERROR;
				GCC_WARN_UNDECLARED_SELECTOR = YES;
				GCC_WARN_UNINITIALIZED_AUTOS = YES_AGGRESSIVE;
				GCC_WARN_UNUSED_FUNCTION = YES;
				GCC_WARN_UNUSED_VARIABLE = YES;
				IPHONEOS_DEPLOYMENT_TARGET = 13.2;
				MTL_ENABLE_DEBUG_INFO = INCLUDE_SOURCE;
				MTL_FAST_MATH = YES;
				ONLY_ACTIVE_ARCH = YES;
				SDKROOT = iphoneos;
				SWIFT_ACTIVE_COMPILATION_CONDITIONS = DEBUG;
				SWIFT_OPTIMIZATION_LEVEL = "-Onone";
			};
			name = Debug;
		};
		E329090324350E1400C7508A /* Release */ = {
			isa = XCBuildConfiguration;
			buildSettings = {
				ALWAYS_SEARCH_USER_PATHS = NO;
				CLANG_ANALYZER_NONNULL = YES;
				CLANG_ANALYZER_NUMBER_OBJECT_CONVERSION = YES_AGGRESSIVE;
				CLANG_CXX_LANGUAGE_STANDARD = "gnu++14";
				CLANG_CXX_LIBRARY = "libc++";
				CLANG_ENABLE_MODULES = YES;
				CLANG_ENABLE_OBJC_ARC = YES;
				CLANG_ENABLE_OBJC_WEAK = YES;
				CLANG_WARN_BLOCK_CAPTURE_AUTORELEASING = YES;
				CLANG_WARN_BOOL_CONVERSION = YES;
				CLANG_WARN_COMMA = YES;
				CLANG_WARN_CONSTANT_CONVERSION = YES;
				CLANG_WARN_DEPRECATED_OBJC_IMPLEMENTATIONS = YES;
				CLANG_WARN_DIRECT_OBJC_ISA_USAGE = YES_ERROR;
				CLANG_WARN_DOCUMENTATION_COMMENTS = YES;
				CLANG_WARN_EMPTY_BODY = YES;
				CLANG_WARN_ENUM_CONVERSION = YES;
				CLANG_WARN_INFINITE_RECURSION = YES;
				CLANG_WARN_INT_CONVERSION = YES;
				CLANG_WARN_NON_LITERAL_NULL_CONVERSION = YES;
				CLANG_WARN_OBJC_IMPLICIT_RETAIN_SELF = YES;
				CLANG_WARN_OBJC_LITERAL_CONVERSION = YES;
				CLANG_WARN_OBJC_ROOT_CLASS = YES_ERROR;
				CLANG_WARN_RANGE_LOOP_ANALYSIS = YES;
				CLANG_WARN_STRICT_PROTOTYPES = YES;
				CLANG_WARN_SUSPICIOUS_MOVE = YES;
				CLANG_WARN_UNGUARDED_AVAILABILITY = YES_AGGRESSIVE;
				CLANG_WARN_UNREACHABLE_CODE = YES;
				CLANG_WARN__DUPLICATE_METHOD_MATCH = YES;
				COPY_PHASE_STRIP = NO;
				DEBUG_INFORMATION_FORMAT = "dwarf-with-dsym";
				ENABLE_NS_ASSERTIONS = NO;
				ENABLE_STRICT_OBJC_MSGSEND = YES;
				GCC_C_LANGUAGE_STANDARD = gnu11;
				GCC_NO_COMMON_BLOCKS = YES;
				GCC_WARN_64_TO_32_BIT_CONVERSION = YES;
				GCC_WARN_ABOUT_RETURN_TYPE = YES_ERROR;
				GCC_WARN_UNDECLARED_SELECTOR = YES;
				GCC_WARN_UNINITIALIZED_AUTOS = YES_AGGRESSIVE;
				GCC_WARN_UNUSED_FUNCTION = YES;
				GCC_WARN_UNUSED_VARIABLE = YES;
				IPHONEOS_DEPLOYMENT_TARGET = 13.2;
				MTL_ENABLE_DEBUG_INFO = NO;
				MTL_FAST_MATH = YES;
				SDKROOT = iphoneos;
				SWIFT_COMPILATION_MODE = wholemodule;
				SWIFT_OPTIMIZATION_LEVEL = "-O";
				VALIDATE_PRODUCT = YES;
			};
			name = Release;
		};
		E329090524350E1400C7508A /* Debug */ = {
			isa = XCBuildConfiguration;
			buildSettings = {
				ASSETCATALOG_COMPILER_APPICON_NAME = AppIcon;
				CODE_SIGN_STYLE = Automatic;
				DEVELOPMENT_ASSET_PATHS = "\"APISwiftUI/Preview Content\"";
				DEVELOPMENT_TEAM = 532N45X4ZD;
				ENABLE_PREVIEWS = YES;
				INFOPLIST_FILE = APISwiftUI/Info.plist;
				LD_RUNPATH_SEARCH_PATHS = (
					"$(inherited)",
					"@executable_path/Frameworks",
				);
				PRODUCT_BUNDLE_IDENTIFIER = com.amaury.APISwiftUI;
				PRODUCT_NAME = "$(TARGET_NAME)";
				SWIFT_VERSION = 5.0;
				TARGETED_DEVICE_FAMILY = "1,2";
			};
			name = Debug;
		};
		E329090624350E1400C7508A /* Release */ = {
			isa = XCBuildConfiguration;
			buildSettings = {
				ASSETCATALOG_COMPILER_APPICON_NAME = AppIcon;
				CODE_SIGN_STYLE = Automatic;
				DEVELOPMENT_ASSET_PATHS = "\"APISwiftUI/Preview Content\"";
				DEVELOPMENT_TEAM = 532N45X4ZD;
				ENABLE_PREVIEWS = YES;
				INFOPLIST_FILE = APISwiftUI/Info.plist;
				LD_RUNPATH_SEARCH_PATHS = (
					"$(inherited)",
					"@executable_path/Frameworks",
				);
				PRODUCT_BUNDLE_IDENTIFIER = com.amaury.APISwiftUI;
				PRODUCT_NAME = "$(TARGET_NAME)";
				SWIFT_VERSION = 5.0;
				TARGETED_DEVICE_FAMILY = "1,2";
			};
			name = Release;
		};
/* End XCBuildConfiguration section */

/* Begin XCConfigurationList section */
		E32908EB24350E1200C7508A /* Build configuration list for PBXProject "APISwiftUI" */ = {
			isa = XCConfigurationList;
			buildConfigurations = (
				E329090224350E1400C7508A /* Debug */,
				E329090324350E1400C7508A /* Release */,
			);
			defaultConfigurationIsVisible = 0;
			defaultConfigurationName = Release;
		};
		E329090424350E1400C7508A /* Build configuration list for PBXNativeTarget "APISwiftUI" */ = {
			isa = XCConfigurationList;
			buildConfigurations = (
				E329090524350E1400C7508A /* Debug */,
				E329090624350E1400C7508A /* Release */,
			);
			defaultConfigurationIsVisible = 0;
			defaultConfigurationName = Release;
		};
/* End XCConfigurationList section */
	};
	rootObject = E32908E824350E1200C7508A /* Project object */;
}
